<?xml version="1.0" encoding="utf-8"?>
<Project ToolsVersion="4.0" xmlns="http://schemas.microsoft.com/developer/msbuild/2003">
  <ItemGroup>
    <ClCompile Include="source\engine\application\Application.cpp" />
    <ClCompile Include="source\engine\application\ApplicationInfo.cpp" />
    <ClCompile Include="source\engine\input\Input.cpp" />
    <ClCompile Include="source\engine\logs\Logs.cpp" />
    <ClCompile Include="source\engine\utils\math\Math.cpp" />
    <ClCompile Include="source\services\graphics\gui\ConsoleGui.cpp" />
    <ClCompile Include="source\services\graphics\imgui\ImGuiLibrary.cpp" />
    <ClCompile Include="source\services\graphics\GraphicsLibrary.cpp" />
    <ClCompile Include="source\services\platform\PlatformWindows.cpp" />
    <ClCompile Include="source\services\renderer\vulkan\builder\VulkanImage.cpp" />
    <ClCompile Include="source\services\renderer\vulkan\light\Light.cpp" />
    <ClCompile Include="source\services\renderer\vulkan\material\Material.cpp" />
    <ClCompile Include="source\services\renderer\vulkan\mesh\Mesh.cpp" />
    <ClCompile Include="source\services\renderer\vulkan\mesh\MeshInstance.cpp" />
    <ClCompile Include="source\services\renderer\vulkan\storage\VulkanStorage.cpp" />
    <ClCompile Include="source\services\renderer\vulkan\texture\VulkanTexture.cpp" />
    <ClCompile Include="source\services\renderer\vulkan\utils\VulkanUtils.cpp" />
    <ClCompile Include="source\services\renderer\vulkan\VulkanRenderer.cpp" />
    <ClCompile Include="source\services\renderer\Renderer.cpp" />
    <ClCompile Include="source\services\threading\ThreadPool.cpp" />
    <ClCompile Include="source\services\world\camera\SpectatorCamera.cpp" />
    <ClCompile Include="source\services\world\Storage.cpp" />
    <ClCompile Include="source\services\world\World.cpp" />
    <ClCompile Include="source\services\Services.cpp" />
    <ClCompile Include="source\third-party\imgui\backends\imgui_impl_vulkan.cpp" />
    <ClCompile Include="source\third-party\imgui\backends\imgui_impl_win32.cpp" />
    <ClCompile Include="source\third-party\imgui\imgui.cpp" />
    <ClCompile Include="source\third-party\imgui\imgui_draw.cpp" />
    <ClCompile Include="source\third-party\imgui\imgui_tables.cpp" />
    <ClCompile Include="source\third-party\imgui\imgui_widgets.cpp" />
    <ClCompile Include="source\Main.cpp" />
  </ItemGroup>
  <ItemGroup>
    <ClInclude Include="source\engine\application\Application.h" />
    <ClInclude Include="source\engine\application\ApplicationInfo.h" />
    <ClInclude Include="source\engine\input\Input.h" />
    <ClInclude Include="source\engine\logs\Logs.h" />
    <ClInclude Include="source\engine\utils\math\Math.h" />
    <ClInclude Include="source\engine\utils\math\UniformBufferObjects.h" />
    <ClInclude Include="source\engine\utils\Utils.h" />
    <ClInclude Include="source\engine\Asserts.h" />
    <ClInclude Include="source\engine\Defines.h" />
    <ClInclude Include="source\engine\EngineCore.h" />
    <ClInclude Include="source\engine\Event.h" />
    <ClInclude Include="source\services\graphics\gui\ConsoleGui.h" />
    <ClInclude Include="source\services\graphics\imgui\ImGuiLibrary.h" />
    <ClInclude Include="source\services\graphics\GraphicsLibrary.h" />
    <ClInclude Include="source\services\platform\Platform.h" />
    <ClInclude Include="source\services\renderer\vulkan\builder\VulkanImage.h" />
    <ClInclude Include="source\services\renderer\vulkan\light\Light.h" />
    <ClInclude Include="source\services\renderer\vulkan\material\Material.h" />
    <ClInclude Include="source\services\renderer\vulkan\mesh\Mesh.h" />
    <ClInclude Include="source\services\renderer\vulkan\mesh\MeshInstance.h" />
    <ClInclude Include="source\services\renderer\vulkan\storage\VulkanStorage.h" />
    <ClInclude Include="source\services\renderer\vulkan\texture\VulkanTexture.h" />
    <ClInclude Include="source\services\renderer\vulkan\utils\VulkanUtils.h" />
    <ClInclude Include="source\services\renderer\vulkan\VulkanRenderer.h" />
    <ClInclude Include="source\services\renderer\Renderer.h" />
    <ClInclude Include="source\services\threading\ThreadPool.h" />
    <ClInclude Include="source\services\world\camera\SpectatorCamera.h" />
    <ClInclude Include="source\services\world\Storage.h" />
    <ClInclude Include="source\services\world\World.h" />
    <ClInclude Include="source\services\Service.h" />
    <ClInclude Include="source\services\Services.h" />
    <ClInclude Include="source\third-party\imgui\backends\imgui_impl_vulkan.h" />
    <ClInclude Include="source\third-party\imgui\backends\imgui_impl_win32.h" />
    <ClInclude Include="source\third-party\imgui\imconfig.h" />
    <ClInclude Include="source\third-party\imgui\imgui.h" />
    <ClInclude Include="source\third-party\imgui\imgui_internal.h" />
    <ClInclude Include="source\third-party\imgui\imstb_rectpack.h" />
    <ClInclude Include="source\third-party\imgui\imstb_textedit.h" />
    <ClInclude Include="source\third-party\imgui\imstb_truetype.h" />
    <ClInclude Include="source\third-party\stb_image.h" />
    <ClInclude Include="source\third-party\tiny_obj_loader.h" />
  </ItemGroup>
</Project>